
Microsoft Visual Studio Solution File, Format Version 12.00
# Visual Studio 14
VisualStudioVersion = 14.0.24720.0
MinimumVisualStudioVersion = 10.0.40219.1
Project("{F2A71F9B-5D33-465A-A702-920D77279786}") = "FSharpVersionUtils", "src\FSharpVersionUtils\FSharpVersionUtils.fsproj", "{4557761A-EB72-45E4-9AC5-9B5719FC262E}"
EndProject
Project("{F2A71F9B-5D33-465A-A702-920D77279786}") = "FSharpVersionUtils.Tests", "tests\FSharpVersionUtils.Tests\FSharpVersionUtils.Tests.fsproj", "{B778DB0C-1657-41B3-AF14-AF25B63ED92A}"
EndProject
Global
	GlobalSection(SolutionConfigurationPlatforms) = preSolution
		Debug|Any CPU = Debug|Any CPU
		Release|Any CPU = Release|Any CPU
	EndGlobalSection
	GlobalSection(ProjectConfigurationPlatforms) = postSolution
		{4557761A-EB72-45E4-9AC5-9B5719FC262E}.Debug|Any CPU.ActiveCfg = Debug|Any CPU
		{4557761A-EB72-45E4-9AC5-9B5719FC262E}.Debug|Any CPU.Build.0 = Debug|Any CPU
		{4557761A-EB72-45E4-9AC5-9B5719FC262E}.Release|Any CPU.ActiveCfg = Release|Any CPU
		{4557761A-EB72-45E4-9AC5-9B5719FC262E}.Release|Any CPU.Build.0 = Release|Any CPU
		{B778DB0C-1657-41B3-AF14-AF25B63ED92A}.Debug|Any CPU.ActiveCfg = Debug|Any CPU
		{B778DB0C-1657-41B3-AF14-AF25B63ED92A}.Debug|Any CPU.Build.0 = Debug|Any CPU
		{B778DB0C-1657-41B3-AF14-AF25B63ED92A}.Release|Any CPU.ActiveCfg = Release|Any CPU
		{B778DB0C-1657-41B3-AF14-AF25B63ED92A}.Release|Any CPU.Build.0 = Release|Any CPU
	EndGlobalSection
	GlobalSection(SolutionProperties) = preSolution
		HideSolutionNode = FALSE
	EndGlobalSection
EndGlobal
